
Microsoft Visual Studio Solution File, Format Version 12.00
# Visual Studio Version 17
VisualStudioVersion = 17.0.31612.314
MinimumVisualStudioVersion = 15.0.26124.0
Project("{2150E333-8FDC-42A3-9474-1A3956D46DE8}") = "9JiOA.Service.AfterSale", "9JiOA.Service.AfterSale", "{8BF35AB6-CAA8-4DCA-B05B-42E70A980A08}"
EndProject
Project("{2150E333-8FDC-42A3-9474-1A3956D46DE8}") = "src", "src", "{F31B3B7C-B466-421D-B083-FF047B581916}"
EndProject
Project("{9A19103F-16F7-4668-BE54-9A1E7A4F7556}") = "9JiOA.Service.AfterSale", "9JiOA.Service.AfterSale\src\9JiOA.Service.AfterSale\9JiOA.Service.AfterSale.csproj", "{5C9D5B35-F4BA-49A9-A175-6AE60B65BA92}"
EndProject
Project("{2150E333-8FDC-42A3-9474-1A3956D46DE8}") = "9JiOA.Service.ApiGateway", "9JiOA.Service.ApiGateway", "{0FF90335-46CD-4F64-BBC9-1839D05BFDA4}"
EndProject
Project("{2150E333-8FDC-42A3-9474-1A3956D46DE8}") = "src", "src", "{11C38E50-B300-45EF-9C8A-54870C9952FE}"
EndProject
Project("{9A19103F-16F7-4668-BE54-9A1E7A4F7556}") = "9JiOA.Service.ApiGateway", "9JiOA.Service.ApiGateway\src\9JiOA.Service.ApiGateway\9JiOA.Service.ApiGateway.csproj", "{8259D6F6-4F89-4857-9F45-117B0C6BF563}"
EndProject
Project("{2150E333-8FDC-42A3-9474-1A3956D46DE8}") = "9JiOA.Service.Customers", "9JiOA.Service.Customers", "{889670A9-30AF-4439-8DFA-75781CD0C211}"
EndProject
Project("{2150E333-8FDC-42A3-9474-1A3956D46DE8}") = "src", "src", "{EF910F99-C024-4927-ABE9-72415C9B6E2D}"
EndProject
Project("{9A19103F-16F7-4668-BE54-9A1E7A4F7556}") = "9JiOA.Service.Customers", "9JiOA.Service.Customers\src\9JiOA.Service.Customers\9JiOA.Service.Customers.csproj", "{745B3A22-4FB2-418B-A729-B56625EE93D2}"
EndProject
Project("{2150E333-8FDC-42A3-9474-1A3956D46DE8}") = "9JiOA.Service.Delivers", "9JiOA.Service.Delivers", "{99E65294-694C-4849-A086-434244FF3FEA}"
EndProject
Project("{2150E333-8FDC-42A3-9474-1A3956D46DE8}") = "src", "src", "{9AE56CD7-C366-4FB7-84BA-902FCBE77F42}"
EndProject
Project("{9A19103F-16F7-4668-BE54-9A1E7A4F7556}") = "9JiOA.Service.Delivers", "9JiOA.Service.Delivers\src\9JiOA.Service.Delivers\9JiOA.Service.Delivers.csproj", "{092F16A1-BB94-42B8-963A-36B784ED3E93}"
EndProject
Project("{2150E333-8FDC-42A3-9474-1A3956D46DE8}") = "9JiOA.Service.Discounts", "9JiOA.Service.Discounts", "{3B87E500-7DA8-4725-8779-23D714F96015}"
EndProject
Project("{2150E333-8FDC-42A3-9474-1A3956D46DE8}") = "src", "src", "{FF9C74B8-B304-4BE2-81F7-EF5779F2D3DD}"
EndProject
Project("{9A19103F-16F7-4668-BE54-9A1E7A4F7556}") = "9JiOA.Service.Discounts", "9JiOA.Service.Discounts\src\9JiOA.Service.Discounts\9JiOA.Service.Discounts.csproj", "{54D87524-34A9-478E-90EA-CD356EAD999F}"
EndProject
Project("{2150E333-8FDC-42A3-9474-1A3956D46DE8}") = "9JiOA.Service.Finances", "9JiOA.Service.Finances", "{11279245-1EF7-4250-A9E4-A8758DE39416}"
EndProject
Project("{2150E333-8FDC-42A3-9474-1A3956D46DE8}") = "src", "src", "{F1F61813-5383-4CAE-B767-8CED1F79B68D}"
EndProject
Project("{9A19103F-16F7-4668-BE54-9A1E7A4F7556}") = "9JiOA.Service.Finances", "9JiOA.Service.Finances\src\9JiOA.Service.Finances\9JiOA.Service.Finances.csproj", "{9FE2B144-004B-4C09-9B68-19A7994AFF6D}"
EndProject
Project("{2150E333-8FDC-42A3-9474-1A3956D46DE8}") = "9JiOA.Service.Products", "9JiOA.Service.Products", "{060FD75D-B654-4086-8537-67585E9314FB}"
EndProject
Project("{2150E333-8FDC-42A3-9474-1A3956D46DE8}") = "src", "src", "{669AD9EA-438D-4079-B3E0-4923A05ADC3C}"
EndProject
Project("{9A19103F-16F7-4668-BE54-9A1E7A4F7556}") = "9JiOA.Service.Products", "9JiOA.Service.Products\src\9JiOA.Service.Products\9JiOA.Service.Products.csproj", "{E628F080-85CD-4866-B96A-08481F59694F}"
EndProject
Project("{2150E333-8FDC-42A3-9474-1A3956D46DE8}") = "9JiOA.Service.Rents", "9JiOA.Service.Rents", "{8E8F2C86-8F47-4969-866C-08740619A529}"
EndProject
Project("{2150E333-8FDC-42A3-9474-1A3956D46DE8}") = "src", "src", "{28B46F29-D3DC-4BFB-8A28-BEC7F2B19EEB}"
EndProject
Project("{9A19103F-16F7-4668-BE54-9A1E7A4F7556}") = "9JiOA.Service.Rents", "9JiOA.Service.Rents\src\9JiOA.Service.Rents\9JiOA.Service.Rents.csproj", "{9DBEFB61-F138-4716-B1E3-23F94DD35006}"
EndProject
Project("{2150E333-8FDC-42A3-9474-1A3956D46DE8}") = "9JiOA.Service.TestDemo", "9JiOA.Service.TestDemo", "{7B2D2F75-88B2-43CD-BA04-DBE43392FE2F}"
EndProject
Project("{2150E333-8FDC-42A3-9474-1A3956D46DE8}") = "src", "src", "{F8A9375E-64CD-4D35-B6DE-ADAA9F86CA9A}"
EndProject
Project("{9A19103F-16F7-4668-BE54-9A1E7A4F7556}") = "9JiOA.Service.TestDemo", "9JiOA.Service.TestDemo\src\9JiOA.Service.TestDemo\9JiOA.Service.TestDemo.csproj", "{6D738C43-EF86-4348-94CF-61783FC6E267}"
EndProject
Project("{2150E333-8FDC-42A3-9474-1A3956D46DE8}") = "9JiOA.Service.Identitys", "9JiOA.Service.Identitys", "{8698C0F9-4FF1-49F7-AD29-6ED9477092CD}"
EndProject
Project("{2150E333-8FDC-42A3-9474-1A3956D46DE8}") = "src", "src", "{1E034374-D41C-4562-8C1D-99D96F2BE0AD}"
EndProject
Project("{9A19103F-16F7-4668-BE54-9A1E7A4F7556}") = "9JiOA.Service.Identitys", "9JiOA.Service.Identitys\src\9JiOA.Service.Identitys\9JiOA.Service.Identitys.csproj", "{77389A6C-8814-4B48-83D1-E4F77FDEC461}"
EndProject
Project("{9A19103F-16F7-4668-BE54-9A1E7A4F7556}") = "9JiOA.Service.Identitys.Infrastructure", "9JiOA.Service.Identitys\src\9JiOA.Service.Identitys.Infrastructure\9JiOA.Service.Identitys.Infrastructure.csproj", "{481F8F30-85F3-442B-8BEA-6E7DF1404C4D}"
EndProject
Project("{9A19103F-16F7-4668-BE54-9A1E7A4F7556}") = "9JiOA.Service.Customers.Infrastructure", "9JiOA.Service.Customers\src\9JiOA.Service.Customers.Infrastructure\9JiOA.Service.Customers.Infrastructure.csproj", "{5F3DF677-5106-4CEB-B2F1-934FC18A27AF}"
EndProject
Global
	GlobalSection(SolutionConfigurationPlatforms) = preSolution
		Debug|Any CPU = Debug|Any CPU
		Debug|x64 = Debug|x64
		Debug|x86 = Debug|x86
		Release|Any CPU = Release|Any CPU
		Release|x64 = Release|x64
		Release|x86 = Release|x86
	EndGlobalSection
	GlobalSection(ProjectConfigurationPlatforms) = postSolution
		{5C9D5B35-F4BA-49A9-A175-6AE60B65BA92}.Debug|Any CPU.ActiveCfg = Debug|Any CPU
		{5C9D5B35-F4BA-49A9-A175-6AE60B65BA92}.Debug|Any CPU.Build.0 = Debug|Any CPU
		{5C9D5B35-F4BA-49A9-A175-6AE60B65BA92}.Debug|x64.ActiveCfg = Debug|Any CPU
		{5C9D5B35-F4BA-49A9-A175-6AE60B65BA92}.Debug|x64.Build.0 = Debug|Any CPU
		{5C9D5B35-F4BA-49A9-A175-6AE60B65BA92}.Debug|x86.ActiveCfg = Debug|Any CPU
		{5C9D5B35-F4BA-49A9-A175-6AE60B65BA92}.Debug|x86.Build.0 = Debug|Any CPU
		{5C9D5B35-F4BA-49A9-A175-6AE60B65BA92}.Release|Any CPU.ActiveCfg = Release|Any CPU
		{5C9D5B35-F4BA-49A9-A175-6AE60B65BA92}.Release|Any CPU.Build.0 = Release|Any CPU
		{5C9D5B35-F4BA-49A9-A175-6AE60B65BA92}.Release|x64.ActiveCfg = Release|Any CPU
		{5C9D5B35-F4BA-49A9-A175-6AE60B65BA92}.Release|x64.Build.0 = Release|Any CPU
		{5C9D5B35-F4BA-49A9-A175-6AE60B65BA92}.Release|x86.ActiveCfg = Release|Any CPU
		{5C9D5B35-F4BA-49A9-A175-6AE60B65BA92}.Release|x86.Build.0 = Release|Any CPU
		{8259D6F6-4F89-4857-9F45-117B0C6BF563}.Debug|Any CPU.ActiveCfg = Debug|Any CPU
		{8259D6F6-4F89-4857-9F45-117B0C6BF563}.Debug|Any CPU.Build.0 = Debug|Any CPU
		{8259D6F6-4F89-4857-9F45-117B0C6BF563}.Debug|x64.ActiveCfg = Debug|Any CPU
		{8259D6F6-4F89-4857-9F45-117B0C6BF563}.Debug|x64.Build.0 = Debug|Any CPU
		{8259D6F6-4F89-4857-9F45-117B0C6BF563}.Debug|x86.ActiveCfg = Debug|Any CPU
		{8259D6F6-4F89-4857-9F45-117B0C6BF563}.Debug|x86.Build.0 = Debug|Any CPU
		{8259D6F6-4F89-4857-9F45-117B0C6BF563}.Release|Any CPU.ActiveCfg = Release|Any CPU
		{8259D6F6-4F89-4857-9F45-117B0C6BF563}.Release|Any CPU.Build.0 = Release|Any CPU
		{8259D6F6-4F89-4857-9F45-117B0C6BF563}.Release|x64.ActiveCfg = Release|Any CPU
		{8259D6F6-4F89-4857-9F45-117B0C6BF563}.Release|x64.Build.0 = Release|Any CPU
		{8259D6F6-4F89-4857-9F45-117B0C6BF563}.Release|x86.ActiveCfg = Release|Any CPU
		{8259D6F6-4F89-4857-9F45-117B0C6BF563}.Release|x86.Build.0 = Release|Any CPU
		{745B3A22-4FB2-418B-A729-B56625EE93D2}.Debug|Any CPU.ActiveCfg = Debug|Any CPU
		{745B3A22-4FB2-418B-A729-B56625EE93D2}.Debug|Any CPU.Build.0 = Debug|Any CPU
		{745B3A22-4FB2-418B-A729-B56625EE93D2}.Debug|x64.ActiveCfg = Debug|Any CPU
		{745B3A22-4FB2-418B-A729-B56625EE93D2}.Debug|x64.Build.0 = Debug|Any CPU
		{745B3A22-4FB2-418B-A729-B56625EE93D2}.Debug|x86.ActiveCfg = Debug|Any CPU
		{745B3A22-4FB2-418B-A729-B56625EE93D2}.Debug|x86.Build.0 = Debug|Any CPU
		{745B3A22-4FB2-418B-A729-B56625EE93D2}.Release|Any CPU.ActiveCfg = Release|Any CPU
		{745B3A22-4FB2-418B-A729-B56625EE93D2}.Release|Any CPU.Build.0 = Release|Any CPU
		{745B3A22-4FB2-418B-A729-B56625EE93D2}.Release|x64.ActiveCfg = Release|Any CPU
		{745B3A22-4FB2-418B-A729-B56625EE93D2}.Release|x64.Build.0 = Release|Any CPU
		{745B3A22-4FB2-418B-A729-B56625EE93D2}.Release|x86.ActiveCfg = Release|Any CPU
		{745B3A22-4FB2-418B-A729-B56625EE93D2}.Release|x86.Build.0 = Release|Any CPU
		{092F16A1-BB94-42B8-963A-36B784ED3E93}.Debug|Any CPU.ActiveCfg = Debug|Any CPU
		{092F16A1-BB94-42B8-963A-36B784ED3E93}.Debug|Any CPU.Build.0 = Debug|Any CPU
		{092F16A1-BB94-42B8-963A-36B784ED3E93}.Debug|x64.ActiveCfg = Debug|Any CPU
		{092F16A1-BB94-42B8-963A-36B784ED3E93}.Debug|x64.Build.0 = Debug|Any CPU
		{092F16A1-BB94-42B8-963A-36B784ED3E93}.Debug|x86.ActiveCfg = Debug|Any CPU
		{092F16A1-BB94-42B8-963A-36B784ED3E93}.Debug|x86.Build.0 = Debug|Any CPU
		{092F16A1-BB94-42B8-963A-36B784ED3E93}.Release|Any CPU.ActiveCfg = Release|Any CPU
		{092F16A1-BB94-42B8-963A-36B784ED3E93}.Release|Any CPU.Build.0 = Release|Any CPU
		{092F16A1-BB94-42B8-963A-36B784ED3E93}.Release|x64.ActiveCfg = Release|Any CPU
		{092F16A1-BB94-42B8-963A-36B784ED3E93}.Release|x64.Build.0 = Release|Any CPU
		{092F16A1-BB94-42B8-963A-36B784ED3E93}.Release|x86.ActiveCfg = Release|Any CPU
		{092F16A1-BB94-42B8-963A-36B784ED3E93}.Release|x86.Build.0 = Release|Any CPU
		{54D87524-34A9-478E-90EA-CD356EAD999F}.Debug|Any CPU.ActiveCfg = Debug|Any CPU
		{54D87524-34A9-478E-90EA-CD356EAD999F}.Debug|Any CPU.Build.0 = Debug|Any CPU
		{54D87524-34A9-478E-90EA-CD356EAD999F}.Debug|x64.ActiveCfg = Debug|Any CPU
		{54D87524-34A9-478E-90EA-CD356EAD999F}.Debug|x64.Build.0 = Debug|Any CPU
		{54D87524-34A9-478E-90EA-CD356EAD999F}.Debug|x86.ActiveCfg = Debug|Any CPU
		{54D87524-34A9-478E-90EA-CD356EAD999F}.Debug|x86.Build.0 = Debug|Any CPU
		{54D87524-34A9-478E-90EA-CD356EAD999F}.Release|Any CPU.ActiveCfg = Release|Any CPU
		{54D87524-34A9-478E-90EA-CD356EAD999F}.Release|Any CPU.Build.0 = Release|Any CPU
		{54D87524-34A9-478E-90EA-CD356EAD999F}.Release|x64.ActiveCfg = Release|Any CPU
		{54D87524-34A9-478E-90EA-CD356EAD999F}.Release|x64.Build.0 = Release|Any CPU
		{54D87524-34A9-478E-90EA-CD356EAD999F}.Release|x86.ActiveCfg = Release|Any CPU
		{54D87524-34A9-478E-90EA-CD356EAD999F}.Release|x86.Build.0 = Release|Any CPU
		{9FE2B144-004B-4C09-9B68-19A7994AFF6D}.Debug|Any CPU.ActiveCfg = Debug|Any CPU
		{9FE2B144-004B-4C09-9B68-19A7994AFF6D}.Debug|Any CPU.Build.0 = Debug|Any CPU
		{9FE2B144-004B-4C09-9B68-19A7994AFF6D}.Debug|x64.ActiveCfg = Debug|Any CPU
		{9FE2B144-004B-4C09-9B68-19A7994AFF6D}.Debug|x64.Build.0 = Debug|Any CPU
		{9FE2B144-004B-4C09-9B68-19A7994AFF6D}.Debug|x86.ActiveCfg = Debug|Any CPU
		{9FE2B144-004B-4C09-9B68-19A7994AFF6D}.Debug|x86.Build.0 = Debug|Any CPU
		{9FE2B144-004B-4C09-9B68-19A7994AFF6D}.Release|Any CPU.ActiveCfg = Release|Any CPU
		{9FE2B144-004B-4C09-9B68-19A7994AFF6D}.Release|Any CPU.Build.0 = Release|Any CPU
		{9FE2B144-004B-4C09-9B68-19A7994AFF6D}.Release|x64.ActiveCfg = Release|Any CPU
		{9FE2B144-004B-4C09-9B68-19A7994AFF6D}.Release|x64.Build.0 = Release|Any CPU
		{9FE2B144-004B-4C09-9B68-19A7994AFF6D}.Release|x86.ActiveCfg = Release|Any CPU
		{9FE2B144-004B-4C09-9B68-19A7994AFF6D}.Release|x86.Build.0 = Release|Any CPU
		{E628F080-85CD-4866-B96A-08481F59694F}.Debug|Any CPU.ActiveCfg = Debug|Any CPU
		{E628F080-85CD-4866-B96A-08481F59694F}.Debug|Any CPU.Build.0 = Debug|Any CPU
		{E628F080-85CD-4866-B96A-08481F59694F}.Debug|x64.ActiveCfg = Debug|Any CPU
		{E628F080-85CD-4866-B96A-08481F59694F}.Debug|x64.Build.0 = Debug|Any CPU
		{E628F080-85CD-4866-B96A-08481F59694F}.Debug|x86.ActiveCfg = Debug|Any CPU
		{E628F080-85CD-4866-B96A-08481F59694F}.Debug|x86.Build.0 = Debug|Any CPU
		{E628F080-85CD-4866-B96A-08481F59694F}.Release|Any CPU.ActiveCfg = Release|Any CPU
		{E628F080-85CD-4866-B96A-08481F59694F}.Release|Any CPU.Build.0 = Release|Any CPU
		{E628F080-85CD-4866-B96A-08481F59694F}.Release|x64.ActiveCfg = Release|Any CPU
		{E628F080-85CD-4866-B96A-08481F59694F}.Release|x64.Build.0 = Release|Any CPU
		{E628F080-85CD-4866-B96A-08481F59694F}.Release|x86.ActiveCfg = Release|Any CPU
		{E628F080-85CD-4866-B96A-08481F59694F}.Release|x86.Build.0 = Release|Any CPU
		{9DBEFB61-F138-4716-B1E3-23F94DD35006}.Debug|Any CPU.ActiveCfg = Debug|Any CPU
		{9DBEFB61-F138-4716-B1E3-23F94DD35006}.Debug|Any CPU.Build.0 = Debug|Any CPU
		{9DBEFB61-F138-4716-B1E3-23F94DD35006}.Debug|x64.ActiveCfg = Debug|Any CPU
		{9DBEFB61-F138-4716-B1E3-23F94DD35006}.Debug|x64.Build.0 = Debug|Any CPU
		{9DBEFB61-F138-4716-B1E3-23F94DD35006}.Debug|x86.ActiveCfg = Debug|Any CPU
		{9DBEFB61-F138-4716-B1E3-23F94DD35006}.Debug|x86.Build.0 = Debug|Any CPU
		{9DBEFB61-F138-4716-B1E3-23F94DD35006}.Release|Any CPU.ActiveCfg = Release|Any CPU
		{9DBEFB61-F138-4716-B1E3-23F94DD35006}.Release|Any CPU.Build.0 = Release|Any CPU
		{9DBEFB61-F138-4716-B1E3-23F94DD35006}.Release|x64.ActiveCfg = Release|Any CPU
		{9DBEFB61-F138-4716-B1E3-23F94DD35006}.Release|x64.Build.0 = Release|Any CPU
		{9DBEFB61-F138-4716-B1E3-23F94DD35006}.Release|x86.ActiveCfg = Release|Any CPU
		{9DBEFB61-F138-4716-B1E3-23F94DD35006}.Release|x86.Build.0 = Release|Any CPU
		{6D738C43-EF86-4348-94CF-61783FC6E267}.Debug|Any CPU.ActiveCfg = Debug|Any CPU
		{6D738C43-EF86-4348-94CF-61783FC6E267}.Debug|Any CPU.Build.0 = Debug|Any CPU
		{6D738C43-EF86-4348-94CF-61783FC6E267}.Debug|x64.ActiveCfg = Debug|Any CPU
		{6D738C43-EF86-4348-94CF-61783FC6E267}.Debug|x64.Build.0 = Debug|Any CPU
		{6D738C43-EF86-4348-94CF-61783FC6E267}.Debug|x86.ActiveCfg = Debug|Any CPU
		{6D738C43-EF86-4348-94CF-61783FC6E267}.Debug|x86.Build.0 = Debug|Any CPU
		{6D738C43-EF86-4348-94CF-61783FC6E267}.Release|Any CPU.ActiveCfg = Release|Any CPU
		{6D738C43-EF86-4348-94CF-61783FC6E267}.Release|Any CPU.Build.0 = Release|Any CPU
		{6D738C43-EF86-4348-94CF-61783FC6E267}.Release|x64.ActiveCfg = Release|Any CPU
		{6D738C43-EF86-4348-94CF-61783FC6E267}.Release|x64.Build.0 = Release|Any CPU
		{6D738C43-EF86-4348-94CF-61783FC6E267}.Release|x86.ActiveCfg = Release|Any CPU
		{6D738C43-EF86-4348-94CF-61783FC6E267}.Release|x86.Build.0 = Release|Any CPU
		{77389A6C-8814-4B48-83D1-E4F77FDEC461}.Debug|Any CPU.ActiveCfg = Debug|Any CPU
		{77389A6C-8814-4B48-83D1-E4F77FDEC461}.Debug|Any CPU.Build.0 = Debug|Any CPU
		{77389A6C-8814-4B48-83D1-E4F77FDEC461}.Debug|x64.ActiveCfg = Debug|Any CPU
		{77389A6C-8814-4B48-83D1-E4F77FDEC461}.Debug|x64.Build.0 = Debug|Any CPU
		{77389A6C-8814-4B48-83D1-E4F77FDEC461}.Debug|x86.ActiveCfg = Debug|Any CPU
		{77389A6C-8814-4B48-83D1-E4F77FDEC461}.Debug|x86.Build.0 = Debug|Any CPU
		{77389A6C-8814-4B48-83D1-E4F77FDEC461}.Release|Any CPU.ActiveCfg = Release|Any CPU
		{77389A6C-8814-4B48-83D1-E4F77FDEC461}.Release|Any CPU.Build.0 = Release|Any CPU
		{77389A6C-8814-4B48-83D1-E4F77FDEC461}.Release|x64.ActiveCfg = Release|Any CPU
		{77389A6C-8814-4B48-83D1-E4F77FDEC461}.Release|x64.Build.0 = Release|Any CPU
		{77389A6C-8814-4B48-83D1-E4F77FDEC461}.Release|x86.ActiveCfg = Release|Any CPU
		{77389A6C-8814-4B48-83D1-E4F77FDEC461}.Release|x86.Build.0 = Release|Any CPU
		{481F8F30-85F3-442B-8BEA-6E7DF1404C4D}.Debug|Any CPU.ActiveCfg = Debug|Any CPU
		{481F8F30-85F3-442B-8BEA-6E7DF1404C4D}.Debug|Any CPU.Build.0 = Debug|Any CPU
		{481F8F30-85F3-442B-8BEA-6E7DF1404C4D}.Debug|x64.ActiveCfg = Debug|Any CPU
		{481F8F30-85F3-442B-8BEA-6E7DF1404C4D}.Debug|x64.Build.0 = Debug|Any CPU
		{481F8F30-85F3-442B-8BEA-6E7DF1404C4D}.Debug|x86.ActiveCfg = Debug|Any CPU
		{481F8F30-85F3-442B-8BEA-6E7DF1404C4D}.Debug|x86.Build.0 = Debug|Any CPU
		{481F8F30-85F3-442B-8BEA-6E7DF1404C4D}.Release|Any CPU.ActiveCfg = Release|Any CPU
		{481F8F30-85F3-442B-8BEA-6E7DF1404C4D}.Release|Any CPU.Build.0 = Release|Any CPU
		{481F8F30-85F3-442B-8BEA-6E7DF1404C4D}.Release|x64.ActiveCfg = Release|Any CPU
		{481F8F30-85F3-442B-8BEA-6E7DF1404C4D}.Release|x64.Build.0 = Release|Any CPU
		{481F8F30-85F3-442B-8BEA-6E7DF1404C4D}.Release|x86.ActiveCfg = Release|Any CPU
		{481F8F30-85F3-442B-8BEA-6E7DF1404C4D}.Release|x86.Build.0 = Release|Any CPU
		{5F3DF677-5106-4CEB-B2F1-934FC18A27AF}.Debug|Any CPU.ActiveCfg = Debug|Any CPU
		{5F3DF677-5106-4CEB-B2F1-934FC18A27AF}.Debug|Any CPU.Build.0 = Debug|Any CPU
		{5F3DF677-5106-4CEB-B2F1-934FC18A27AF}.Debug|x64.ActiveCfg = Debug|Any CPU
		{5F3DF677-5106-4CEB-B2F1-934FC18A27AF}.Debug|x64.Build.0 = Debug|Any CPU
		{5F3DF677-5106-4CEB-B2F1-934FC18A27AF}.Debug|x86.ActiveCfg = Debug|Any CPU
		{5F3DF677-5106-4CEB-B2F1-934FC18A27AF}.Debug|x86.Build.0 = Debug|Any CPU
		{5F3DF677-5106-4CEB-B2F1-934FC18A27AF}.Release|Any CPU.ActiveCfg = Release|Any CPU
		{5F3DF677-5106-4CEB-B2F1-934FC18A27AF}.Release|Any CPU.Build.0 = Release|Any CPU
		{5F3DF677-5106-4CEB-B2F1-934FC18A27AF}.Release|x64.ActiveCfg = Release|Any CPU
		{5F3DF677-5106-4CEB-B2F1-934FC18A27AF}.Release|x64.Build.0 = Release|Any CPU
		{5F3DF677-5106-4CEB-B2F1-934FC18A27AF}.Release|x86.ActiveCfg = Release|Any CPU
		{5F3DF677-5106-4CEB-B2F1-934FC18A27AF}.Release|x86.Build.0 = Release|Any CPU
	EndGlobalSection
	GlobalSection(SolutionProperties) = preSolution
		HideSolutionNode = FALSE
	EndGlobalSection
	GlobalSection(NestedProjects) = preSolution
		{F31B3B7C-B466-421D-B083-FF047B581916} = {8BF35AB6-CAA8-4DCA-B05B-42E70A980A08}
		{5C9D5B35-F4BA-49A9-A175-6AE60B65BA92} = {F31B3B7C-B466-421D-B083-FF047B581916}
		{11C38E50-B300-45EF-9C8A-54870C9952FE} = {0FF90335-46CD-4F64-BBC9-1839D05BFDA4}
		{8259D6F6-4F89-4857-9F45-117B0C6BF563} = {11C38E50-B300-45EF-9C8A-54870C9952FE}
		{EF910F99-C024-4927-ABE9-72415C9B6E2D} = {889670A9-30AF-4439-8DFA-75781CD0C211}
		{745B3A22-4FB2-418B-A729-B56625EE93D2} = {EF910F99-C024-4927-ABE9-72415C9B6E2D}
		{9AE56CD7-C366-4FB7-84BA-902FCBE77F42} = {99E65294-694C-4849-A086-434244FF3FEA}
		{092F16A1-BB94-42B8-963A-36B784ED3E93} = {9AE56CD7-C366-4FB7-84BA-902FCBE77F42}
		{FF9C74B8-B304-4BE2-81F7-EF5779F2D3DD} = {3B87E500-7DA8-4725-8779-23D714F96015}
		{54D87524-34A9-478E-90EA-CD356EAD999F} = {FF9C74B8-B304-4BE2-81F7-EF5779F2D3DD}
		{F1F61813-5383-4CAE-B767-8CED1F79B68D} = {11279245-1EF7-4250-A9E4-A8758DE39416}
		{9FE2B144-004B-4C09-9B68-19A7994AFF6D} = {F1F61813-5383-4CAE-B767-8CED1F79B68D}
		{669AD9EA-438D-4079-B3E0-4923A05ADC3C} = {060FD75D-B654-4086-8537-67585E9314FB}
		{E628F080-85CD-4866-B96A-08481F59694F} = {669AD9EA-438D-4079-B3E0-4923A05ADC3C}
		{28B46F29-D3DC-4BFB-8A28-BEC7F2B19EEB} = {8E8F2C86-8F47-4969-866C-08740619A529}
		{9DBEFB61-F138-4716-B1E3-23F94DD35006} = {28B46F29-D3DC-4BFB-8A28-BEC7F2B19EEB}
		{F8A9375E-64CD-4D35-B6DE-ADAA9F86CA9A} = {7B2D2F75-88B2-43CD-BA04-DBE43392FE2F}
		{6D738C43-EF86-4348-94CF-61783FC6E267} = {F8A9375E-64CD-4D35-B6DE-ADAA9F86CA9A}
		{1E034374-D41C-4562-8C1D-99D96F2BE0AD} = {8698C0F9-4FF1-49F7-AD29-6ED9477092CD}
		{77389A6C-8814-4B48-83D1-E4F77FDEC461} = {1E034374-D41C-4562-8C1D-99D96F2BE0AD}
		{481F8F30-85F3-442B-8BEA-6E7DF1404C4D} = {1E034374-D41C-4562-8C1D-99D96F2BE0AD}
		{5F3DF677-5106-4CEB-B2F1-934FC18A27AF} = {EF910F99-C024-4927-ABE9-72415C9B6E2D}
	EndGlobalSection
	GlobalSection(ExtensibilityGlobals) = postSolution
		SolutionGuid = {865B622D-91AB-4DF1-A268-A3BFD300D992}
	EndGlobalSection
EndGlobal
